
Microsoft Visual Studio Solution File, Format Version 12.00
# Visual Studio Version 17
VisualStudioVersion = 17.4.33110.190
MinimumVisualStudioVersion = 10.0.40219.1
Project("{FAE04EC0-301F-11D3-BF4B-00C04F79EFBC}") = "Sobrino_Mario_Project4", "Sobrino_Mario_Project4\Sobrino_Mario_Project4.csproj", "{87979047-F7CF-4B35-BDB2-18FB722412FF}"
EndProject
Global
	GlobalSection(SolutionConfigurationPlatforms) = preSolution
		Debug|Any CPU = Debug|Any CPU
		Release|Any CPU = Release|Any CPU
	EndGlobalSection
	GlobalSection(ProjectConfigurationPlatforms) = postSolution
		{87979047-F7CF-4B35-BDB2-18FB722412FF}.Debug|Any CPU.ActiveCfg = Debug|Any CPU
		{87979047-F7CF-4B35-BDB2-18FB722412FF}.Debug|Any CPU.Build.0 = Debug|Any CPU
		{87979047-F7CF-4B35-BDB2-18FB722412FF}.Release|Any CPU.ActiveCfg = Release|Any CPU
		{87979047-F7CF-4B35-BDB2-18FB722412FF}.Release|Any CPU.Build.0 = Release|Any CPU
	EndGlobalSection
	GlobalSection(SolutionProperties) = preSolution
		HideSolutionNode = FALSE
	EndGlobalSection
	GlobalSection(ExtensibilityGlobals) = postSolution
		SolutionGuid = {61BFD30B-EAA2-4C65-B212-8C9523CB9BDF}
	EndGlobalSection
EndGlobal
